
Microsoft Visual Studio Solution File, Format Version 12.00
# Visual Studio Version 16
VisualStudioVersion = 16.0.29920.165
MinimumVisualStudioVersion = 10.0.40219.1
Project("{9A19103F-16F7-4668-BE54-9A1E7A4F7556}") = "WebMonitor", "WebMonitor\WebMonitor.csproj", "{23E14970-8DBC-4F6E-A61B-5318BD6E2AA8}"
EndProject
Project("{9A19103F-16F7-4668-BE54-9A1E7A4F7556}") = "TempReaderService", "TempReaderService\TempReaderService.csproj", "{2B351D6B-DD91-4BF7-96D2-2557F44047D1}"
EndProject
Project("{9A19103F-16F7-4668-BE54-9A1E7A4F7556}") = "TempReader", "TempReader\TempReader.csproj", "{79E3FD4D-FCBF-4117-9D94-0CD364BCBDED}"
EndProject
Global
	GlobalSection(SolutionConfigurationPlatforms) = preSolution
		Debug|Any CPU = Debug|Any CPU
		Release|Any CPU = Release|Any CPU
	EndGlobalSection
	GlobalSection(ProjectConfigurationPlatforms) = postSolution
		{23E14970-8DBC-4F6E-A61B-5318BD6E2AA8}.Debug|Any CPU.ActiveCfg = Debug|Any CPU
		{23E14970-8DBC-4F6E-A61B-5318BD6E2AA8}.Debug|Any CPU.Build.0 = Debug|Any CPU
		{23E14970-8DBC-4F6E-A61B-5318BD6E2AA8}.Release|Any CPU.ActiveCfg = Release|Any CPU
		{23E14970-8DBC-4F6E-A61B-5318BD6E2AA8}.Release|Any CPU.Build.0 = Release|Any CPU
		{2B351D6B-DD91-4BF7-96D2-2557F44047D1}.Debug|Any CPU.ActiveCfg = Debug|Any CPU
		{2B351D6B-DD91-4BF7-96D2-2557F44047D1}.Debug|Any CPU.Build.0 = Debug|Any CPU
		{2B351D6B-DD91-4BF7-96D2-2557F44047D1}.Release|Any CPU.ActiveCfg = Release|Any CPU
		{2B351D6B-DD91-4BF7-96D2-2557F44047D1}.Release|Any CPU.Build.0 = Release|Any CPU
		{79E3FD4D-FCBF-4117-9D94-0CD364BCBDED}.Debug|Any CPU.ActiveCfg = Debug|Any CPU
		{79E3FD4D-FCBF-4117-9D94-0CD364BCBDED}.Debug|Any CPU.Build.0 = Debug|Any CPU
		{79E3FD4D-FCBF-4117-9D94-0CD364BCBDED}.Release|Any CPU.ActiveCfg = Release|Any CPU
		{79E3FD4D-FCBF-4117-9D94-0CD364BCBDED}.Release|Any CPU.Build.0 = Release|Any CPU
	EndGlobalSection
	GlobalSection(SolutionProperties) = preSolution
		HideSolutionNode = FALSE
	EndGlobalSection
	GlobalSection(ExtensibilityGlobals) = postSolution
		SolutionGuid = {E0AEE222-89E2-493B-A570-630F5FDB44BA}
	EndGlobalSection
EndGlobal
